// !$*UTF8*$!
{
	archiveVersion = 1;
	classes = {
	};
	objectVersion = 46;
	objects = {

/* Begin PBXBuildFile section */
		8B1001201A376045003AE93E /* logo_1260025_web.jpg in Resources */ = {isa = PBXBuildFile; fileRef = 8B10011F1A376045003AE93E /* logo_1260025_web.jpg */; };
		8B4CAA161A36108D001AD45B /* main.m in Sources */ = {isa = PBXBuildFile; fileRef = 8B4CAA151A36108D001AD45B /* main.m */; };
		8B4CAA191A36108D001AD45B /* AppDelegate.m in Sources */ = {isa = PBXBuildFile; fileRef = 8B4CAA181A36108D001AD45B /* AppDelegate.m */; };
		8B4CAA1C1A36108D001AD45B /* ViewController.m in Sources */ = {isa = PBXBuildFile; fileRef = 8B4CAA1B1A36108D001AD45B /* ViewController.m */; };
		8B4CAA1F1A36108D001AD45B /* Main.storyboard in Resources */ = {isa = PBXBuildFile; fileRef = 8B4CAA1D1A36108D001AD45B /* Main.storyboard */; };
		8B4CAA211A36108D001AD45B /* Images.xcassets in Resources */ = {isa = PBXBuildFile; fileRef = 8B4CAA201A36108D001AD45B /* Images.xcassets */; };
		8B4CAA241A36108D001AD45B /* LaunchScreen.xib in Resources */ = {isa = PBXBuildFile; fileRef = 8B4CAA221A36108D001AD45B /* LaunchScreen.xib */; };
		8B4CAA301A36108D001AD45B /* iSpendTests.m in Sources */ = {isa = PBXBuildFile; fileRef = 8B4CAA2F1A36108D001AD45B /* iSpendTests.m */; };
		8B99BD5E1A362F2300FD46FB /* Expenses.m in Sources */ = {isa = PBXBuildFile; fileRef = 8B99BD5B1A362F2300FD46FB /* Expenses.m */; };
		8B99BD5F1A362F2300FD46FB /* Plan.m in Sources */ = {isa = PBXBuildFile; fileRef = 8B99BD5D1A362F2300FD46FB /* Plan.m */; };
		E965B4411A3625AD00F12166 /* StartViewController.m in Sources */ = {isa = PBXBuildFile; fileRef = E965B4401A3625AD00F12166 /* StartViewController.m */; };
		E965B4451A36264500F12166 /* CreateViewController.m in Sources */ = {isa = PBXBuildFile; fileRef = E965B4441A36264500F12166 /* CreateViewController.m */; };
		E965B4481A3626A900F12166 /* ShowEditViewController.m in Sources */ = {isa = PBXBuildFile; fileRef = E965B4471A3626A900F12166 /* ShowEditViewController.m */; };
/* End PBXBuildFile section */

/* Begin PBXContainerItemProxy section */
		8B4CAA2A1A36108D001AD45B /* PBXContainerItemProxy */ = {
			isa = PBXContainerItemProxy;
			containerPortal = 8B4CAA081A36108C001AD45B /* Project object */;
			proxyType = 1;
			remoteGlobalIDString = 8B4CAA0F1A36108D001AD45B;
			remoteInfo = iSpend;
		};
/* End PBXContainerItemProxy section */

/* Begin PBXFileReference section */
		8B10011F1A376045003AE93E /* logo_1260025_web.jpg */ = {isa = PBXFileReference; lastKnownFileType = image.jpeg; path = logo_1260025_web.jpg; sourceTree = "<group>"; };
		8B4CAA101A36108D001AD45B /* iSpend.app */ = {isa = PBXFileReference; explicitFileType = wrapper.application; includeInIndex = 0; path = iSpend.app; sourceTree = BUILT_PRODUCTS_DIR; };
		8B4CAA141A36108D001AD45B /* Info.plist */ = {isa = PBXFileReference; lastKnownFileType = text.plist.xml; path = Info.plist; sourceTree = "<group>"; };
		8B4CAA151A36108D001AD45B /* main.m */ = {isa = PBXFileReference; lastKnownFileType = sourcecode.c.objc; path = main.m; sourceTree = "<group>"; };
		8B4CAA171A36108D001AD45B /* AppDelegate.h */ = {isa = PBXFileReference; lastKnownFileType = sourcecode.c.h; path = AppDelegate.h; sourceTree = "<group>"; };
		8B4CAA181A36108D001AD45B /* AppDelegate.m */ = {isa = PBXFileReference; lastKnownFileType = sourcecode.c.objc; path = AppDelegate.m; sourceTree = "<group>"; };
		8B4CAA1A1A36108D001AD45B /* ViewController.h */ = {isa = PBXFileReference; lastKnownFileType = sourcecode.c.h; path = ViewController.h; sourceTree = "<group>"; };
		8B4CAA1B1A36108D001AD45B /* ViewController.m */ = {isa = PBXFileReference; lastKnownFileType = sourcecode.c.objc; path = ViewController.m; sourceTree = "<group>"; };
		8B4CAA1E1A36108D001AD45B /* Base */ = {isa = PBXFileReference; lastKnownFileType = file.storyboard; name = Base; path = Base.lproj/Main.storyboard; sourceTree = "<group>"; };
		8B4CAA201A36108D001AD45B /* Images.xcassets */ = {isa = PBXFileReference; lastKnownFileType = folder.assetcatalog; path = Images.xcassets; sourceTree = "<group>"; };
		8B4CAA231A36108D001AD45B /* Base */ = {isa = PBXFileReference; lastKnownFileType = file.xib; name = Base; path = Base.lproj/LaunchScreen.xib; sourceTree = "<group>"; };
		8B4CAA291A36108D001AD45B /* iSpendTests.xctest */ = {isa = PBXFileReference; explicitFileType = wrapper.cfbundle; includeInIndex = 0; path = iSpendTests.xctest; sourceTree = BUILT_PRODUCTS_DIR; };
		8B4CAA2E1A36108D001AD45B /* Info.plist */ = {isa = PBXFileReference; lastKnownFileType = text.plist.xml; path = Info.plist; sourceTree = "<group>"; };
		8B4CAA2F1A36108D001AD45B /* iSpendTests.m */ = {isa = PBXFileReference; lastKnownFileType = sourcecode.c.objc; path = iSpendTests.m; sourceTree = "<group>"; };
		8B99BD5A1A362F2300FD46FB /* Expenses.h */ = {isa = PBXFileReference; fileEncoding = 4; lastKnownFileType = sourcecode.c.h; path = Expenses.h; sourceTree = "<group>"; };
		8B99BD5B1A362F2300FD46FB /* Expenses.m */ = {isa = PBXFileReference; fileEncoding = 4; lastKnownFileType = sourcecode.c.objc; path = Expenses.m; sourceTree = "<group>"; };
		8B99BD5C1A362F2300FD46FB /* Plan.h */ = {isa = PBXFileReference; fileEncoding = 4; lastKnownFileType = sourcecode.c.h; path = Plan.h; sourceTree = "<group>"; };
		8B99BD5D1A362F2300FD46FB /* Plan.m */ = {isa = PBXFileReference; fileEncoding = 4; lastKnownFileType = sourcecode.c.objc; path = Plan.m; sourceTree = "<group>"; };
		E965B43F1A3625AD00F12166 /* StartViewController.h */ = {isa = PBXFileReference; fileEncoding = 4; lastKnownFileType = sourcecode.c.h; path = StartViewController.h; sourceTree = "<group>"; };
		E965B4401A3625AD00F12166 /* StartViewController.m */ = {isa = PBXFileReference; fileEncoding = 4; lastKnownFileType = sourcecode.c.objc; path = StartViewController.m; sourceTree = "<group>"; };
		E965B4431A36264500F12166 /* CreateViewController.h */ = {isa = PBXFileReference; fileEncoding = 4; lastKnownFileType = sourcecode.c.h; path = CreateViewController.h; sourceTree = "<group>"; };
		E965B4441A36264500F12166 /* CreateViewController.m */ = {isa = PBXFileReference; fileEncoding = 4; lastKnownFileType = sourcecode.c.objc; path = CreateViewController.m; sourceTree = "<group>"; };
		E965B4461A3626A900F12166 /* ShowEditViewController.h */ = {isa = PBXFileReference; fileEncoding = 4; lastKnownFileType = sourcecode.c.h; path = ShowEditViewController.h; sourceTree = "<group>"; };
		E965B4471A3626A900F12166 /* ShowEditViewController.m */ = {isa = PBXFileReference; fileEncoding = 4; lastKnownFileType = sourcecode.c.objc; path = ShowEditViewController.m; sourceTree = "<group>"; };
/* End PBXFileReference section */

/* Begin PBXFrameworksBuildPhase section */
		8B4CAA0D1A36108D001AD45B /* Frameworks */ = {
			isa = PBXFrameworksBuildPhase;
			buildActionMask = 2147483647;
			files = (
			);
			runOnlyForDeploymentPostprocessing = 0;
		};
		8B4CAA261A36108D001AD45B /* Frameworks */ = {
			isa = PBXFrameworksBuildPhase;
			buildActionMask = 2147483647;
			files = (
			);
			runOnlyForDeploymentPostprocessing = 0;
		};
/* End PBXFrameworksBuildPhase section */

/* Begin PBXGroup section */
		8B4CAA071A36108C001AD45B = {
			isa = PBXGroup;
			children = (
				8B4CAA121A36108D001AD45B /* iSpend */,
				8B4CAA2C1A36108D001AD45B /* iSpendTests */,
				8B4CAA111A36108D001AD45B /* Products */,
			);
			sourceTree = "<group>";
		};
		8B4CAA111A36108D001AD45B /* Products */ = {
			isa = PBXGroup;
			children = (
				8B4CAA101A36108D001AD45B /* iSpend.app */,
				8B4CAA291A36108D001AD45B /* iSpendTests.xctest */,
			);
			name = Products;
			sourceTree = "<group>";
		};
		8B4CAA121A36108D001AD45B /* iSpend */ = {
			isa = PBXGroup;
			children = (
				8B99BD601A362F2600FD46FB /* Models */,
				E965B4421A3625CF00F12166 /* Controllers */,
				8B4CAA171A36108D001AD45B /* AppDelegate.h */,
				8B4CAA181A36108D001AD45B /* AppDelegate.m */,
				8B4CAA1A1A36108D001AD45B /* ViewController.h */,
				8B4CAA1B1A36108D001AD45B /* ViewController.m */,
				8B4CAA1D1A36108D001AD45B /* Main.storyboard */,
				8B4CAA201A36108D001AD45B /* Images.xcassets */,
				8B4CAA221A36108D001AD45B /* LaunchScreen.xib */,
				8B4CAA131A36108D001AD45B /* Supporting Files */,
			);
			path = iSpend;
			sourceTree = "<group>";
		};
		8B4CAA131A36108D001AD45B /* Supporting Files */ = {
			isa = PBXGroup;
			children = (
				8B10011F1A376045003AE93E /* logo_1260025_web.jpg */,
				8B4CAA141A36108D001AD45B /* Info.plist */,
				8B4CAA151A36108D001AD45B /* main.m */,
			);
			name = "Supporting Files";
			sourceTree = "<group>";
		};
		8B4CAA2C1A36108D001AD45B /* iSpendTests */ = {
			isa = PBXGroup;
			children = (
				8B4CAA2F1A36108D001AD45B /* iSpendTests.m */,
				8B4CAA2D1A36108D001AD45B /* Supporting Files */,
			);
			path = iSpendTests;
			sourceTree = "<group>";
		};
		8B4CAA2D1A36108D001AD45B /* Supporting Files */ = {
			isa = PBXGroup;
			children = (
				8B4CAA2E1A36108D001AD45B /* Info.plist */,
			);
			name = "Supporting Files";
			sourceTree = "<group>";
		};
		8B99BD601A362F2600FD46FB /* Models */ = {
			isa = PBXGroup;
			children = (
				8B99BD5A1A362F2300FD46FB /* Expenses.h */,
				8B99BD5B1A362F2300FD46FB /* Expenses.m */,
				8B99BD5C1A362F2300FD46FB /* Plan.h */,
				8B99BD5D1A362F2300FD46FB /* Plan.m */,
			);
			name = Models;
			sourceTree = "<group>";
		};
		E965B4421A3625CF00F12166 /* Controllers */ = {
			isa = PBXGroup;
			children = (
				E965B43F1A3625AD00F12166 /* StartViewController.h */,
				E965B4401A3625AD00F12166 /* StartViewController.m */,
				E965B4431A36264500F12166 /* CreateViewController.h */,
				E965B4441A36264500F12166 /* CreateViewController.m */,
				E965B4461A3626A900F12166 /* ShowEditViewController.h */,
				E965B4471A3626A900F12166 /* ShowEditViewController.m */,
			);
			name = Controllers;
			sourceTree = "<group>";
		};
/* End PBXGroup section */

/* Begin PBXNativeTarget section */
		8B4CAA0F1A36108D001AD45B /* iSpend */ = {
			isa = PBXNativeTarget;
			buildConfigurationList = 8B4CAA331A36108D001AD45B /* Build configuration list for PBXNativeTarget "iSpend" */;
			buildPhases = (
				8B4CAA0C1A36108D001AD45B /* Sources */,
				8B4CAA0D1A36108D001AD45B /* Frameworks */,
				8B4CAA0E1A36108D001AD45B /* Resources */,
			);
			buildRules = (
			);
			dependencies = (
			);
			name = iSpend;
			productName = iSpend;
			productReference = 8B4CAA101A36108D001AD45B /* iSpend.app */;
			productType = "com.apple.product-type.application";
		};
		8B4CAA281A36108D001AD45B /* iSpendTests */ = {
			isa = PBXNativeTarget;
			buildConfigurationList = 8B4CAA361A36108D001AD45B /* Build configuration list for PBXNativeTarget "iSpendTests" */;
			buildPhases = (
				8B4CAA251A36108D001AD45B /* Sources */,
				8B4CAA261A36108D001AD45B /* Frameworks */,
				8B4CAA271A36108D001AD45B /* Resources */,
			);
			buildRules = (
			);
			dependencies = (
				8B4CAA2B1A36108D001AD45B /* PBXTargetDependency */,
			);
			name = iSpendTests;
			productName = iSpendTests;
			productReference = 8B4CAA291A36108D001AD45B /* iSpendTests.xctest */;
			productType = "com.apple.product-type.bundle.unit-test";
		};
/* End PBXNativeTarget section */

/* Begin PBXProject section */
		8B4CAA081A36108C001AD45B /* Project object */ = {
			isa = PBXProject;
			attributes = {
				LastUpgradeCheck = 0620;
				ORGANIZATIONNAME = Academy387;
				TargetAttributes = {
					8B4CAA0F1A36108D001AD45B = {
						CreatedOnToolsVersion = 6.2;
					};
					8B4CAA281A36108D001AD45B = {
						CreatedOnToolsVersion = 6.2;
						TestTargetID = 8B4CAA0F1A36108D001AD45B;
					};
				};
			};
			buildConfigurationList = 8B4CAA0B1A36108C001AD45B /* Build configuration list for PBXProject "iSpend" */;
			compatibilityVersion = "Xcode 3.2";
			developmentRegion = English;
			hasScannedForEncodings = 0;
			knownRegions = (
				en,
				Base,
			);
			mainGroup = 8B4CAA071A36108C001AD45B;
			productRefGroup = 8B4CAA111A36108D001AD45B /* Products */;
			projectDirPath = "";
			projectRoot = "";
			targets = (
				8B4CAA0F1A36108D001AD45B /* iSpend */,
				8B4CAA281A36108D001AD45B /* iSpendTests */,
			);
		};
/* End PBXProject section */

/* Begin PBXResourcesBuildPhase section */
		8B4CAA0E1A36108D001AD45B /* Resources */ = {
			isa = PBXResourcesBuildPhase;
			buildActionMask = 2147483647;
			files = (
				8B1001201A376045003AE93E /* logo_1260025_web.jpg in Resources */,
				8B4CAA1F1A36108D001AD45B /* Main.storyboard in Resources */,
				8B4CAA241A36108D001AD45B /* LaunchScreen.xib in Resources */,
				8B4CAA211A36108D001AD45B /* Images.xcassets in Resources */,
			);
			runOnlyForDeploymentPostprocessing = 0;
		};
		8B4CAA271A36108D001AD45B /* Resources */ = {
			isa = PBXResourcesBuildPhase;
			buildActionMask = 2147483647;
			files = (
			);
			runOnlyForDeploymentPostprocessing = 0;
		};
/* End PBXResourcesBuildPhase section */

/* Begin PBXSourcesBuildPhase section */
		8B4CAA0C1A36108D001AD45B /* Sources */ = {
			isa = PBXSourcesBuildPhase;
			buildActionMask = 2147483647;
			files = (
				8B4CAA1C1A36108D001AD45B /* ViewController.m in Sources */,
				8B99BD5E1A362F2300FD46FB /* Expenses.m in Sources */,
				E965B4411A3625AD00F12166 /* StartViewController.m in Sources */,
				E965B4451A36264500F12166 /* CreateViewController.m in Sources */,
				8B99BD5F1A362F2300FD46FB /* Plan.m in Sources */,
				8B4CAA191A36108D001AD45B /* AppDelegate.m in Sources */,
				8B4CAA161A36108D001AD45B /* main.m in Sources */,
				E965B4481A3626A900F12166 /* ShowEditViewController.m in Sources */,
			);
			runOnlyForDeploymentPostprocessing = 0;
		};
		8B4CAA251A36108D001AD45B /* Sources */ = {
			isa = PBXSourcesBuildPhase;
			buildActionMask = 2147483647;
			files = (
				8B4CAA301A36108D001AD45B /* iSpendTests.m in Sources */,
			);
			runOnlyForDeploymentPostprocessing = 0;
		};
/* End PBXSourcesBuildPhase section */

/* Begin PBXTargetDependency section */
		8B4CAA2B1A36108D001AD45B /* PBXTargetDependency */ = {
			isa = PBXTargetDependency;
			target = 8B4CAA0F1A36108D001AD45B /* iSpend */;
			targetProxy = 8B4CAA2A1A36108D001AD45B /* PBXContainerItemProxy */;
		};
/* End PBXTargetDependency section */

/* Begin PBXVariantGroup section */
		8B4CAA1D1A36108D001AD45B /* Main.storyboard */ = {
			isa = PBXVariantGroup;
			children = (
				8B4CAA1E1A36108D001AD45B /* Base */,
			);
			name = Main.storyboard;
			sourceTree = "<group>";
		};
		8B4CAA221A36108D001AD45B /* LaunchScreen.xib */ = {
			isa = PBXVariantGroup;
			children = (
				8B4CAA231A36108D001AD45B /* Base */,
			);
			name = LaunchScreen.xib;
			sourceTree = "<group>";
		};
/* End PBXVariantGroup section */

/* Begin XCBuildConfiguration section */
		8B4CAA311A36108D001AD45B /* Debug */ = {
			isa = XCBuildConfiguration;
			buildSettings = {
				ALWAYS_SEARCH_USER_PATHS = NO;
				CLANG_CXX_LANGUAGE_STANDARD = "gnu++0x";
				CLANG_CXX_LIBRARY = "libc++";
				CLANG_ENABLE_MODULES = YES;
				CLANG_ENABLE_OBJC_ARC = YES;
				CLANG_WARN_BOOL_CONVERSION = YES;
				CLANG_WARN_CONSTANT_CONVERSION = YES;
				CLANG_WARN_DIRECT_OBJC_ISA_USAGE = YES_ERROR;
				CLANG_WARN_EMPTY_BODY = YES;
				CLANG_WARN_ENUM_CONVERSION = YES;
				CLANG_WARN_INT_CONVERSION = YES;
				CLANG_WARN_OBJC_ROOT_CLASS = YES_ERROR;
				CLANG_WARN_UNREACHABLE_CODE = YES;
				CLANG_WARN__DUPLICATE_METHOD_MATCH = YES;
				"CODE_SIGN_IDENTITY[sdk=iphoneos*]" = "iPhone Developer";
				COPY_PHASE_STRIP = NO;
				ENABLE_STRICT_OBJC_MSGSEND = YES;
				GCC_C_LANGUAGE_STANDARD = gnu99;
				GCC_DYNAMIC_NO_PIC = NO;
				GCC_OPTIMIZATION_LEVEL = 0;
				GCC_PREPROCESSOR_DEFINITIONS = (
					"DEBUG=1",
					"$(inherited)",
				);
				GCC_SYMBOLS_PRIVATE_EXTERN = NO;
				GCC_WARN_64_TO_32_BIT_CONVERSION = YES;
				GCC_WARN_ABOUT_RETURN_TYPE = YES_ERROR;
				GCC_WARN_UNDECLARED_SELECTOR = YES;
				GCC_WARN_UNINITIALIZED_AUTOS = YES_AGGRESSIVE;
				GCC_WARN_UNUSED_FUNCTION = YES;
				GCC_WARN_UNUSED_VARIABLE = YES;
				IPHONEOS_DEPLOYMENT_TARGET = 8.2;
				MTL_ENABLE_DEBUG_INFO = YES;
				ONLY_ACTIVE_ARCH = YES;
				SDKROOT = iphoneos;
			};
			name = Debug;
		};
		8B4CAA321A36108D001AD45B /* Release */ = {
			isa = XCBuildConfiguration;
			buildSettings = {
				ALWAYS_SEARCH_USER_PATHS = NO;
				CLANG_CXX_LANGUAGE_STANDARD = "gnu++0x";
				CLANG_CXX_LIBRARY = "libc++";
				CLANG_ENABLE_MODULES = YES;
				CLANG_ENABLE_OBJC_ARC = YES;
				CLANG_WARN_BOOL_CONVERSION = YES;
				CLANG_WARN_CONSTANT_CONVERSION = YES;
				CLANG_WARN_DIRECT_OBJC_ISA_USAGE = YES_ERROR;
				CLANG_WARN_EMPTY_BODY = YES;
				CLANG_WARN_ENUM_CONVERSION = YES;
				CLANG_WARN_INT_CONVERSION = YES;
				CLANG_WARN_OBJC_ROOT_CLASS = YES_ERROR;
				CLANG_WARN_UNREACHABLE_CODE = YES;
				CLANG_WARN__DUPLICATE_METHOD_MATCH = YES;
				"CODE_SIGN_IDENTITY[sdk=iphoneos*]" = "iPhone Developer";
				COPY_PHASE_STRIP = YES;
				ENABLE_NS_ASSERTIONS = NO;
				ENABLE_STRICT_OBJC_MSGSEND = YES;
				GCC_C_LANGUAGE_STANDARD = gnu99;
				GCC_WARN_64_TO_32_BIT_CONVERSION = YES;
				GCC_WARN_ABOUT_RETURN_TYPE = YES_ERROR;
				GCC_WARN_UNDECLARED_SELECTOR = YES;
				GCC_WARN_UNINITIALIZED_AUTOS = YES_AGGRESSIVE;
				GCC_WARN_UNUSED_FUNCTION = YES;
				GCC_WARN_UNUSED_VARIABLE = YES;
				IPHONEOS_DEPLOYMENT_TARGET = 8.2;
				MTL_ENABLE_DEBUG_INFO = NO;
				SDKROOT = iphoneos;
				VALIDATE_PRODUCT = YES;
			};
			name = Release;
		};
		8B4CAA341A36108D001AD45B /* Debug */ = {
			isa = XCBuildConfiguration;
			buildSettings = {
				ASSETCATALOG_COMPILER_APPICON_NAME = AppIcon;
				INFOPLIST_FILE = iSpend/Info.plist;
				LD_RUNPATH_SEARCH_PATHS = "$(inherited) @executable_path/Frameworks";
				PRODUCT_NAME = "$(TARGET_NAME)";
			};
			name = Debug;
		};
		8B4CAA351A36108D001AD45B /* Release */ = {
			isa = XCBuildConfiguration;
			buildSettings = {
				ASSETCATALOG_COMPILER_APPICON_NAME = AppIcon;
				INFOPLIST_FILE = iSpend/Info.plist;
				LD_RUNPATH_SEARCH_PATHS = "$(inherited) @executable_path/Frameworks";
				PRODUCT_NAME = "$(TARGET_NAME)";
			};
			name = Release;
		};
		8B4CAA371A36108D001AD45B /* Debug */ = {
			isa = XCBuildConfiguration;
			buildSettings = {
				BUNDLE_LOADER = "$(TEST_HOST)";
				FRAMEWORK_SEARCH_PATHS = (
					"$(SDKROOT)/Developer/Library/Frameworks",
					"$(inherited)",
				);
				GCC_PREPROCESSOR_DEFINITIONS = (
					"DEBUG=1",
					"$(inherited)",
				);
				INFOPLIST_FILE = iSpendTests/Info.plist;
				LD_RUNPATH_SEARCH_PATHS = "$(inherited) @executable_path/Frameworks @loader_path/Frameworks";
				PRODUCT_NAME = "$(TARGET_NAME)";
				TEST_HOST = "$(BUILT_PRODUCTS_DIR)/iSpend.app/iSpend";
			};
			name = Debug;
		};
		8B4CAA381A36108D001AD45B /* Release */ = {
			isa = XCBuildConfiguration;
			buildSettings = {
				BUNDLE_LOADER = "$(TEST_HOST)";
				FRAMEWORK_SEARCH_PATHS = (
					"$(SDKROOT)/Developer/Library/Frameworks",
					"$(inherited)",
				);
				INFOPLIST_FILE = iSpendTests/Info.plist;
				LD_RUNPATH_SEARCH_PATHS = "$(inherited) @executable_path/Frameworks @loader_path/Frameworks";
				PRODUCT_NAME = "$(TARGET_NAME)";
				TEST_HOST = "$(BUILT_PRODUCTS_DIR)/iSpend.app/iSpend";
			};
			name = Release;
		};
/* End XCBuildConfiguration section */

/* Begin XCConfigurationList section */
		8B4CAA0B1A36108C001AD45B /* Build configuration list for PBXProject "iSpend" */ = {
			isa = XCConfigurationList;
			buildConfigurations = (
				8B4CAA311A36108D001AD45B /* Debug */,
				8B4CAA321A36108D001AD45B /* Release */,
			);
			defaultConfigurationIsVisible = 0;
			defaultConfigurationName = Release;
		};
		8B4CAA331A36108D001AD45B /* Build configuration list for PBXNativeTarget "iSpend" */ = {
			isa = XCConfigurationList;
			buildConfigurations = (
				8B4CAA341A36108D001AD45B /* Debug */,
				8B4CAA351A36108D001AD45B /* Release */,
			);
			defaultConfigurationIsVisible = 0;
			defaultConfigurationName = Release;
		};
		8B4CAA361A36108D001AD45B /* Build configuration list for PBXNativeTarget "iSpendTests" */ = {
			isa = XCConfigurationList;
			buildConfigurations = (
				8B4CAA371A36108D001AD45B /* Debug */,
				8B4CAA381A36108D001AD45B /* Release */,
			);
			defaultConfigurationIsVisible = 0;
			defaultConfigurationName = Release;
		};
/* End XCConfigurationList section */
	};
	rootObject = 8B4CAA081A36108C001AD45B /* Project object */;
}
